// !$*UTF8*$!
{
	archiveVersion = 1;
	classes = {
	};
	objectVersion = 50;
	objects = {

/* Begin PBXBuildFile section */
		B135429325C70290001CD991 /* Localizable.strings in Resources */ = {isa = PBXBuildFile; fileRef = B135429525C70290001CD991 /* Localizable.strings */; };
		B135429825C702E9001CD991 /* File.swift in Sources */ = {isa = PBXBuildFile; fileRef = B135429725C702E9001CD991 /* File.swift */; };
		B13542A125C706DE001CD991 /* InfoPlist.strings in Resources */ = {isa = PBXBuildFile; fileRef = B13542A325C706DE001CD991 /* InfoPlist.strings */; };
		B135D56425C4825C00FE5B02 /* PriceManager.swift in Sources */ = {isa = PBXBuildFile; fileRef = B135D56325C4825C00FE5B02 /* PriceManager.swift */; };
		B135D56825C4874100FE5B02 /* StoreManager.swift in Sources */ = {isa = PBXBuildFile; fileRef = B135D56725C4874100FE5B02 /* StoreManager.swift */; };
		B142C1E725B75E3C009F8AA7 /* CoreDataManager.swift in Sources */ = {isa = PBXBuildFile; fileRef = B142C1E625B75E3C009F8AA7 /* CoreDataManager.swift */; };
		B1670C1025B8AF1F004F6C49 /* FoldersController.swift in Sources */ = {isa = PBXBuildFile; fileRef = B1670C0F25B8AF1F004F6C49 /* FoldersController.swift */; };
		B1703A7725C08F4D003EFBA1 /* LocationManager.swift in Sources */ = {isa = PBXBuildFile; fileRef = B1703A7625C08F4D003EFBA1 /* LocationManager.swift */; };
		B18D3AF525BB501F001506C5 /* NoteController.swift in Sources */ = {isa = PBXBuildFile; fileRef = B18D3AF425BB501F001506C5 /* NoteController.swift */; };
		B19B1BFA25C1D75200C8BFAF /* NoteMapController.swift in Sources */ = {isa = PBXBuildFile; fileRef = B19B1BF925C1D75200C8BFAF /* NoteMapController.swift */; };
		B19CC99225C32E89000508C2 /* MapController.swift in Sources */ = {isa = PBXBuildFile; fileRef = B19CC99125C32E89000508C2 /* MapController.swift */; };
		B1B8432625B9FDBA00327590 /* FolderController.swift in Sources */ = {isa = PBXBuildFile; fileRef = B1B8432525B9FDBA00327590 /* FolderController.swift */; };
		B1D79F0825C8641D00FCFD8E /* NoteCell.swift in Sources */ = {isa = PBXBuildFile; fileRef = B1D79F0725C8641D00FCFD8E /* NoteCell.swift */; };
		B1D79F0B25C8709600FCFD8E /* Zaglushka.png in Resources */ = {isa = PBXBuildFile; fileRef = B1D79F0A25C8709600FCFD8E /* Zaglushka.png */; };
		B1DC405F25B5FE1B00BA134A /* AppDelegate.swift in Sources */ = {isa = PBXBuildFile; fileRef = B1DC405E25B5FE1B00BA134A /* AppDelegate.swift */; };
		B1DC406125B5FE1B00BA134A /* SceneDelegate.swift in Sources */ = {isa = PBXBuildFile; fileRef = B1DC406025B5FE1B00BA134A /* SceneDelegate.swift */; };
		B1DC406625B5FE1B00BA134A /* Main.storyboard in Resources */ = {isa = PBXBuildFile; fileRef = B1DC406425B5FE1B00BA134A /* Main.storyboard */; };
		B1DC406925B5FE1B00BA134A /* IOS_Senin_3_ist.xcdatamodeld in Sources */ = {isa = PBXBuildFile; fileRef = B1DC406725B5FE1B00BA134A /* IOS_Senin_3_ist.xcdatamodeld */; };
		B1DC406B25B5FE1C00BA134A /* Assets.xcassets in Resources */ = {isa = PBXBuildFile; fileRef = B1DC406A25B5FE1C00BA134A /* Assets.xcassets */; };
		B1DC406E25B5FE1C00BA134A /* LaunchScreen.storyboard in Resources */ = {isa = PBXBuildFile; fileRef = B1DC406C25B5FE1C00BA134A /* LaunchScreen.storyboard */; };
		B1DC407F25B60B3D00BA134A /* Location+CoreDataClass.swift in Sources */ = {isa = PBXBuildFile; fileRef = B1DC407725B60B3D00BA134A /* Location+CoreDataClass.swift */; };
		B1DC408025B60B3D00BA134A /* Location+CoreDataProperties.swift in Sources */ = {isa = PBXBuildFile; fileRef = B1DC407825B60B3D00BA134A /* Location+CoreDataProperties.swift */; };
		B1DC408125B60B3D00BA134A /* ImageNote+CoreDataClass.swift in Sources */ = {isa = PBXBuildFile; fileRef = B1DC407925B60B3D00BA134A /* ImageNote+CoreDataClass.swift */; };
		B1DC408225B60B3D00BA134A /* ImageNote+CoreDataProperties.swift in Sources */ = {isa = PBXBuildFile; fileRef = B1DC407A25B60B3D00BA134A /* ImageNote+CoreDataProperties.swift */; };
		B1DC408325B60B3D00BA134A /* Folder+CoreDataClass.swift in Sources */ = {isa = PBXBuildFile; fileRef = B1DC407B25B60B3D00BA134A /* Folder+CoreDataClass.swift */; };
		B1DC408425B60B3D00BA134A /* Folder+CoreDataProperties.swift in Sources */ = {isa = PBXBuildFile; fileRef = B1DC407C25B60B3D00BA134A /* Folder+CoreDataProperties.swift */; };
		B1DC408525B60B3D00BA134A /* Note+CoreDataClass.swift in Sources */ = {isa = PBXBuildFile; fileRef = B1DC407D25B60B3D00BA134A /* Note+CoreDataClass.swift */; };
		B1DC408625B60B3D00BA134A /* Note+CoreDataProperties.swift in Sources */ = {isa = PBXBuildFile; fileRef = B1DC407E25B60B3D00BA134A /* Note+CoreDataProperties.swift */; };
		B1EA6E5825BF412400E824A9 /* SelectFolderController.swift in Sources */ = {isa = PBXBuildFile; fileRef = B1EA6E5725BF412400E824A9 /* SelectFolderController.swift */; };
/* End PBXBuildFile section */

/* Begin PBXFileReference section */
		B135428D25C6FFF9001CD991 /* ru-RU */ = {isa = PBXFileReference; lastKnownFileType = text.plist.strings; name = "ru-RU"; path = "ru-RU.lproj/Main.strings"; sourceTree = "<group>"; };
		B135428E25C6FFF9001CD991 /* ru-RU */ = {isa = PBXFileReference; lastKnownFileType = text.plist.strings; name = "ru-RU"; path = "ru-RU.lproj/LaunchScreen.strings"; sourceTree = "<group>"; };
		B135429425C70290001CD991 /* ru-RU */ = {isa = PBXFileReference; lastKnownFileType = text.plist.strings; name = "ru-RU"; path = "ru-RU.lproj/Localizable.strings"; sourceTree = "<group>"; };
		B135429725C702E9001CD991 /* File.swift */ = {isa = PBXFileReference; lastKnownFileType = sourcecode.swift; path = File.swift; sourceTree = "<group>"; };
		B13542A225C706DE001CD991 /* ru-RU */ = {isa = PBXFileReference; lastKnownFileType = text.plist.strings; name = "ru-RU"; path = "ru-RU.lproj/InfoPlist.strings"; sourceTree = "<group>"; };
		B13542BD25C70CFD001CD991 /* Info.plist */ = {isa = PBXFileReference; lastKnownFileType = text.plist.xml; path = Info.plist; sourceTree = "<group>"; };
		B135D56325C4825C00FE5B02 /* PriceManager.swift */ = {isa = PBXFileReference; lastKnownFileType = sourcecode.swift; path = PriceManager.swift; sourceTree = "<group>"; };
		B135D56725C4874100FE5B02 /* StoreManager.swift */ = {isa = PBXFileReference; lastKnownFileType = sourcecode.swift; path = StoreManager.swift; sourceTree = "<group>"; };
		B142C1E625B75E3C009F8AA7 /* CoreDataManager.swift */ = {isa = PBXFileReference; lastKnownFileType = sourcecode.swift; path = CoreDataManager.swift; sourceTree = "<group>"; };
		B1670C0F25B8AF1F004F6C49 /* FoldersController.swift */ = {isa = PBXFileReference; lastKnownFileType = sourcecode.swift; path = FoldersController.swift; sourceTree = "<group>"; };
		B1703A7625C08F4D003EFBA1 /* LocationManager.swift */ = {isa = PBXFileReference; lastKnownFileType = sourcecode.swift; path = LocationManager.swift; sourceTree = "<group>"; };
		B18D3AF425BB501F001506C5 /* NoteController.swift */ = {isa = PBXFileReference; lastKnownFileType = sourcecode.swift; path = NoteController.swift; sourceTree = "<group>"; };
		B19B1BF925C1D75200C8BFAF /* NoteMapController.swift */ = {isa = PBXFileReference; lastKnownFileType = sourcecode.swift; path = NoteMapController.swift; sourceTree = "<group>"; };
		B19CC99125C32E89000508C2 /* MapController.swift */ = {isa = PBXFileReference; lastKnownFileType = sourcecode.swift; path = MapController.swift; sourceTree = "<group>"; };
		B1B8432525B9FDBA00327590 /* FolderController.swift */ = {isa = PBXFileReference; lastKnownFileType = sourcecode.swift; path = FolderController.swift; sourceTree = "<group>"; };
		B1D79F0725C8641D00FCFD8E /* NoteCell.swift */ = {isa = PBXFileReference; lastKnownFileType = sourcecode.swift; path = NoteCell.swift; sourceTree = "<group>"; };
		B1D79F0A25C8709600FCFD8E /* Zaglushka.png */ = {isa = PBXFileReference; lastKnownFileType = image.png; path = Zaglushka.png; sourceTree = "<group>"; };
		B1DC405B25B5FE1B00BA134A /* IOS_Senin_3_ist.app */ = {isa = PBXFileReference; explicitFileType = wrapper.application; includeInIndex = 0; path = IOS_Senin_3_ist.app; sourceTree = BUILT_PRODUCTS_DIR; };
		B1DC405E25B5FE1B00BA134A /* AppDelegate.swift */ = {isa = PBXFileReference; lastKnownFileType = sourcecode.swift; path = AppDelegate.swift; sourceTree = "<group>"; };
		B1DC406025B5FE1B00BA134A /* SceneDelegate.swift */ = {isa = PBXFileReference; lastKnownFileType = sourcecode.swift; path = SceneDelegate.swift; sourceTree = "<group>"; };
		B1DC406525B5FE1B00BA134A /* Base */ = {isa = PBXFileReference; lastKnownFileType = file.storyboard; name = Base; path = Base.lproj/Main.storyboard; sourceTree = "<group>"; };
		B1DC406825B5FE1B00BA134A /* IOS_Senin_3_ist.xcdatamodel */ = {isa = PBXFileReference; lastKnownFileType = wrapper.xcdatamodel; path = IOS_Senin_3_ist.xcdatamodel; sourceTree = "<group>"; };
		B1DC406A25B5FE1C00BA134A /* Assets.xcassets */ = {isa = PBXFileReference; lastKnownFileType = folder.assetcatalog; path = Assets.xcassets; sourceTree = "<group>"; };
		B1DC406D25B5FE1C00BA134A /* Base */ = {isa = PBXFileReference; lastKnownFileType = file.storyboard; name = Base; path = Base.lproj/LaunchScreen.storyboard; sourceTree = "<group>"; };
		B1DC407725B60B3D00BA134A /* Location+CoreDataClass.swift */ = {isa = PBXFileReference; lastKnownFileType = sourcecode.swift; path = "Location+CoreDataClass.swift"; sourceTree = "<group>"; };
		B1DC407825B60B3D00BA134A /* Location+CoreDataProperties.swift */ = {isa = PBXFileReference; lastKnownFileType = sourcecode.swift; path = "Location+CoreDataProperties.swift"; sourceTree = "<group>"; };
		B1DC407925B60B3D00BA134A /* ImageNote+CoreDataClass.swift */ = {isa = PBXFileReference; lastKnownFileType = sourcecode.swift; path = "ImageNote+CoreDataClass.swift"; sourceTree = "<group>"; };
		B1DC407A25B60B3D00BA134A /* ImageNote+CoreDataProperties.swift */ = {isa = PBXFileReference; lastKnownFileType = sourcecode.swift; path = "ImageNote+CoreDataProperties.swift"; sourceTree = "<group>"; };
		B1DC407B25B60B3D00BA134A /* Folder+CoreDataClass.swift */ = {isa = PBXFileReference; lastKnownFileType = sourcecode.swift; path = "Folder+CoreDataClass.swift"; sourceTree = "<group>"; };
		B1DC407C25B60B3D00BA134A /* Folder+CoreDataProperties.swift */ = {isa = PBXFileReference; lastKnownFileType = sourcecode.swift; path = "Folder+CoreDataProperties.swift"; sourceTree = "<group>"; };
		B1DC407D25B60B3D00BA134A /* Note+CoreDataClass.swift */ = {isa = PBXFileReference; lastKnownFileType = sourcecode.swift; path = "Note+CoreDataClass.swift"; sourceTree = "<group>"; };
		B1DC407E25B60B3D00BA134A /* Note+CoreDataProperties.swift */ = {isa = PBXFileReference; lastKnownFileType = sourcecode.swift; path = "Note+CoreDataProperties.swift"; sourceTree = "<group>"; };
		B1EA6E5725BF412400E824A9 /* SelectFolderController.swift */ = {isa = PBXFileReference; lastKnownFileType = sourcecode.swift; path = SelectFolderController.swift; sourceTree = "<group>"; };
/* End PBXFileReference section */

/* Begin PBXFrameworksBuildPhase section */
		B1DC405825B5FE1B00BA134A /* Frameworks */ = {
			isa = PBXFrameworksBuildPhase;
			buildActionMask = 2147483647;
			files = (
			);
			runOnlyForDeploymentPostprocessing = 0;
		};
/* End PBXFrameworksBuildPhase section */

/* Begin PBXGroup section */
		B135D56225C4823100FE5B02 /* AppleStore */ = {
			isa = PBXGroup;
			children = (
				B135D56325C4825C00FE5B02 /* PriceManager.swift */,
				B135D56725C4874100FE5B02 /* StoreManager.swift */,
				B135429725C702E9001CD991 /* File.swift */,
			);
			path = AppleStore;
			sourceTree = "<group>";
		};
		B1670C0E25B8AF05004F6C49 /* Controllers */ = {
			isa = PBXGroup;
			children = (
				B1670C0F25B8AF1F004F6C49 /* FoldersController.swift */,
				B1B8432525B9FDBA00327590 /* FolderController.swift */,
				B18D3AF425BB501F001506C5 /* NoteController.swift */,
				B1EA6E5725BF412400E824A9 /* SelectFolderController.swift */,
				B19B1BF925C1D75200C8BFAF /* NoteMapController.swift */,
				B19CC99125C32E89000508C2 /* MapController.swift */,
				B1D79F0725C8641D00FCFD8E /* NoteCell.swift */,
			);
			path = Controllers;
			sourceTree = "<group>";
		};
		B1703A7525C08F20003EFBA1 /* Location */ = {
			isa = PBXGroup;
			children = (
				B1703A7625C08F4D003EFBA1 /* LocationManager.swift */,
			);
			path = Location;
			sourceTree = "<group>";
		};
		B1DC405225B5FE1B00BA134A = {
			isa = PBXGroup;
			children = (
				B1DC405D25B5FE1B00BA134A /* IOS_Senin_3_ist */,
				B1DC405C25B5FE1B00BA134A /* Products */,
			);
			sourceTree = "<group>";
		};
		B1DC405C25B5FE1B00BA134A /* Products */ = {
			isa = PBXGroup;
			children = (
				B1DC405B25B5FE1B00BA134A /* IOS_Senin_3_ist.app */,
			);
			name = Products;
			sourceTree = "<group>";
		};
		B1DC405D25B5FE1B00BA134A /* IOS_Senin_3_ist */ = {
			isa = PBXGroup;
			children = (
				B135D56225C4823100FE5B02 /* AppleStore */,
				B1703A7525C08F20003EFBA1 /* Location */,
				B1670C0E25B8AF05004F6C49 /* Controllers */,
				B1DC408825B60B4900BA134A /* Models */,
				B1DC405E25B5FE1B00BA134A /* AppDelegate.swift */,
				B1DC406025B5FE1B00BA134A /* SceneDelegate.swift */,
				B1DC406425B5FE1B00BA134A /* Main.storyboard */,
				B1DC406A25B5FE1C00BA134A /* Assets.xcassets */,
				B1DC406C25B5FE1C00BA134A /* LaunchScreen.storyboard */,
				B135429525C70290001CD991 /* Localizable.strings */,
				B13542BD25C70CFD001CD991 /* Info.plist */,
				B13542A325C706DE001CD991 /* InfoPlist.strings */,
				B1D79F0A25C8709600FCFD8E /* Zaglushka.png */,
			);
			path = IOS_Senin_3_ist;
			sourceTree = "<group>";
		};
		B1DC408825B60B4900BA134A /* Models */ = {
			isa = PBXGroup;
			children = (
				B1DC406725B5FE1B00BA134A /* IOS_Senin_3_ist.xcdatamodeld */,
				B142C1E625B75E3C009F8AA7 /* CoreDataManager.swift */,
				B1DC407B25B60B3D00BA134A /* Folder+CoreDataClass.swift */,
				B1DC407C25B60B3D00BA134A /* Folder+CoreDataProperties.swift */,
				B1DC407D25B60B3D00BA134A /* Note+CoreDataClass.swift */,
				B1DC407E25B60B3D00BA134A /* Note+CoreDataProperties.swift */,
				B1DC407725B60B3D00BA134A /* Location+CoreDataClass.swift */,
				B1DC407825B60B3D00BA134A /* Location+CoreDataProperties.swift */,
				B1DC407A25B60B3D00BA134A /* ImageNote+CoreDataProperties.swift */,
				B1DC407925B60B3D00BA134A /* ImageNote+CoreDataClass.swift */,
			);
			path = Models;
			sourceTree = "<group>";
		};
/* End PBXGroup section */

/* Begin PBXNativeTarget section */
		B1DC405A25B5FE1B00BA134A /* IOS_Senin_3_ist */ = {
			isa = PBXNativeTarget;
			buildConfigurationList = B1DC407225B5FE1C00BA134A /* Build configuration list for PBXNativeTarget "IOS_Senin_3_ist" */;
			buildPhases = (
				B1DC405725B5FE1B00BA134A /* Sources */,
				B1DC405825B5FE1B00BA134A /* Frameworks */,
				B1DC405925B5FE1B00BA134A /* Resources */,
			);
			buildRules = (
			);
			dependencies = (
			);
			name = IOS_Senin_3_ist;
			productName = IOS_Senin_3_ist;
			productReference = B1DC405B25B5FE1B00BA134A /* IOS_Senin_3_ist.app */;
			productType = "com.apple.product-type.application";
		};
/* End PBXNativeTarget section */

/* Begin PBXProject section */
		B1DC405325B5FE1B00BA134A /* Project object */ = {
			isa = PBXProject;
			attributes = {
				LastSwiftUpdateCheck = 1230;
				LastUpgradeCheck = 1230;
				TargetAttributes = {
					B1DC405A25B5FE1B00BA134A = {
						CreatedOnToolsVersion = 12.3;
					};
				};
			};
			buildConfigurationList = B1DC405625B5FE1B00BA134A /* Build configuration list for PBXProject "IOS_Senin_3_ist" */;
			compatibilityVersion = "Xcode 9.3";
			developmentRegion = en;
			hasScannedForEncodings = 0;
			knownRegions = (
				en,
				Base,
				"ru-RU",
			);
			mainGroup = B1DC405225B5FE1B00BA134A;
			productRefGroup = B1DC405C25B5FE1B00BA134A /* Products */;
			projectDirPath = "";
			projectRoot = "";
			targets = (
				B1DC405A25B5FE1B00BA134A /* IOS_Senin_3_ist */,
			);
		};
/* End PBXProject section */

/* Begin PBXResourcesBuildPhase section */
		B1DC405925B5FE1B00BA134A /* Resources */ = {
			isa = PBXResourcesBuildPhase;
			buildActionMask = 2147483647;
			files = (
				B1DC406E25B5FE1C00BA134A /* LaunchScreen.storyboard in Resources */,
				B135429325C70290001CD991 /* Localizable.strings in Resources */,
				B1D79F0B25C8709600FCFD8E /* Zaglushka.png in Resources */,
				B1DC406B25B5FE1C00BA134A /* Assets.xcassets in Resources */,
				B1DC406625B5FE1B00BA134A /* Main.storyboard in Resources */,
				B13542A125C706DE001CD991 /* InfoPlist.strings in Resources */,
			);
			runOnlyForDeploymentPostprocessing = 0;
		};
/* End PBXResourcesBuildPhase section */

/* Begin PBXSourcesBuildPhase section */
		B1DC405725B5FE1B00BA134A /* Sources */ = {
			isa = PBXSourcesBuildPhase;
			buildActionMask = 2147483647;
			files = (
				B1D79F0825C8641D00FCFD8E /* NoteCell.swift in Sources */,
				B1DC408625B60B3D00BA134A /* Note+CoreDataProperties.swift in Sources */,
				B1703A7725C08F4D003EFBA1 /* LocationManager.swift in Sources */,
				B1DC407F25B60B3D00BA134A /* Location+CoreDataClass.swift in Sources */,
				B1670C1025B8AF1F004F6C49 /* FoldersController.swift in Sources */,
				B1B8432625B9FDBA00327590 /* FolderController.swift in Sources */,
				B18D3AF525BB501F001506C5 /* NoteController.swift in Sources */,
				B1DC406925B5FE1B00BA134A /* IOS_Senin_3_ist.xcdatamodeld in Sources */,
				B1DC405F25B5FE1B00BA134A /* AppDelegate.swift in Sources */,
				B19CC99225C32E89000508C2 /* MapController.swift in Sources */,
				B135429825C702E9001CD991 /* File.swift in Sources */,
				B1EA6E5825BF412400E824A9 /* SelectFolderController.swift in Sources */,
				B1DC408125B60B3D00BA134A /* ImageNote+CoreDataClass.swift in Sources */,
				B19B1BFA25C1D75200C8BFAF /* NoteMapController.swift in Sources */,
				B1DC408425B60B3D00BA134A /* Folder+CoreDataProperties.swift in Sources */,
				B142C1E725B75E3C009F8AA7 /* CoreDataManager.swift in Sources */,
				B1DC406125B5FE1B00BA134A /* SceneDelegate.swift in Sources */,
				B135D56825C4874100FE5B02 /* StoreManager.swift in Sources */,
				B135D56425C4825C00FE5B02 /* PriceManager.swift in Sources */,
				B1DC408325B60B3D00BA134A /* Folder+CoreDataClass.swift in Sources */,
				B1DC408525B60B3D00BA134A /* Note+CoreDataClass.swift in Sources */,
				B1DC408025B60B3D00BA134A /* Location+CoreDataProperties.swift in Sources */,
				B1DC408225B60B3D00BA134A /* ImageNote+CoreDataProperties.swift in Sources */,
			);
			runOnlyForDeploymentPostprocessing = 0;
		};
/* End PBXSourcesBuildPhase section */

/* Begin PBXVariantGroup section */
		B135429525C70290001CD991 /* Localizable.strings */ = {
			isa = PBXVariantGroup;
			children = (
				B135429425C70290001CD991 /* ru-RU */,
			);
			name = Localizable.strings;
			sourceTree = "<group>";
		};
		B13542A325C706DE001CD991 /* InfoPlist.strings */ = {
			isa = PBXVariantGroup;
			children = (
				B13542A225C706DE001CD991 /* ru-RU */,
			);
			name = InfoPlist.strings;
			sourceTree = "<group>";
		};
		B1DC406425B5FE1B00BA134A /* Main.storyboard */ = {
			isa = PBXVariantGroup;
			children = (
				B1DC406525B5FE1B00BA134A /* Base */,
				B135428D25C6FFF9001CD991 /* ru-RU */,
			);
			name = Main.storyboard;
			sourceTree = "<group>";
		};
		B1DC406C25B5FE1C00BA134A /* LaunchScreen.storyboard */ = {
			isa = PBXVariantGroup;
			children = (
				B1DC406D25B5FE1C00BA134A /* Base */,
				B135428E25C6FFF9001CD991 /* ru-RU */,
			);
			name = LaunchScreen.storyboard;
			sourceTree = "<group>";
		};
/* End PBXVariantGroup section */

/* Begin XCBuildConfiguration section */
		B1DC407025B5FE1C00BA134A /* Debug */ = {
			isa = XCBuildConfiguration;
			buildSettings = {
				ALWAYS_SEARCH_USER_PATHS = NO;
				CLANG_ANALYZER_LOCALIZABILITY_NONLOCALIZED = YES;
				CLANG_ANALYZER_NONNULL = YES;
				CLANG_ANALYZER_NUMBER_OBJECT_CONVERSION = YES_AGGRESSIVE;
				CLANG_CXX_LANGUAGE_STANDARD = "gnu++14";
				CLANG_CXX_LIBRARY = "libc++";
				CLANG_ENABLE_MODULES = YES;
				CLANG_ENABLE_OBJC_ARC = YES;
				CLANG_ENABLE_OBJC_WEAK = YES;
				CLANG_WARN_BLOCK_CAPTURE_AUTORELEASING = YES;
				CLANG_WARN_BOOL_CONVERSION = YES;
				CLANG_WARN_COMMA = YES;
				CLANG_WARN_CONSTANT_CONVERSION = YES;
				CLANG_WARN_DEPRECATED_OBJC_IMPLEMENTATIONS = YES;
				CLANG_WARN_DIRECT_OBJC_ISA_USAGE = YES_ERROR;
				CLANG_WARN_DOCUMENTATION_COMMENTS = YES;
				CLANG_WARN_EMPTY_BODY = YES;
				CLANG_WARN_ENUM_CONVERSION = YES;
				CLANG_WARN_INFINITE_RECURSION = YES;
				CLANG_WARN_INT_CONVERSION = YES;
				CLANG_WARN_NON_LITERAL_NULL_CONVERSION = YES;
				CLANG_WARN_OBJC_IMPLICIT_RETAIN_SELF = YES;
				CLANG_WARN_OBJC_LITERAL_CONVERSION = YES;
				CLANG_WARN_OBJC_ROOT_CLASS = YES_ERROR;
				CLANG_WARN_QUOTED_INCLUDE_IN_FRAMEWORK_HEADER = YES;
				CLANG_WARN_RANGE_LOOP_ANALYSIS = YES;
				CLANG_WARN_STRICT_PROTOTYPES = YES;
				CLANG_WARN_SUSPICIOUS_MOVE = YES;
				CLANG_WARN_UNGUARDED_AVAILABILITY = YES_AGGRESSIVE;
				CLANG_WARN_UNREACHABLE_CODE = YES;
				CLANG_WARN__DUPLICATE_METHOD_MATCH = YES;
				COPY_PHASE_STRIP = NO;
				DEBUG_INFORMATION_FORMAT = dwarf;
				ENABLE_STRICT_OBJC_MSGSEND = YES;
				ENABLE_TESTABILITY = YES;
				GCC_C_LANGUAGE_STANDARD = gnu11;
				GCC_DYNAMIC_NO_PIC = NO;
				GCC_NO_COMMON_BLOCKS = YES;
				GCC_OPTIMIZATION_LEVEL = 0;
				GCC_PREPROCESSOR_DEFINITIONS = (
					"DEBUG=1",
					"$(inherited)",
				);
				GCC_WARN_64_TO_32_BIT_CONVERSION = YES;
				GCC_WARN_ABOUT_RETURN_TYPE = YES_ERROR;
				GCC_WARN_UNDECLARED_SELECTOR = YES;
				GCC_WARN_UNINITIALIZED_AUTOS = YES_AGGRESSIVE;
				GCC_WARN_UNUSED_FUNCTION = YES;
				GCC_WARN_UNUSED_VARIABLE = YES;
				IPHONEOS_DEPLOYMENT_TARGET = 14.3;
				MTL_ENABLE_DEBUG_INFO = INCLUDE_SOURCE;
				MTL_FAST_MATH = YES;
				ONLY_ACTIVE_ARCH = YES;
				SDKROOT = iphoneos;
				SWIFT_ACTIVE_COMPILATION_CONDITIONS = DEBUG;
				SWIFT_OPTIMIZATION_LEVEL = "-Onone";
			};
			name = Debug;
		};
		B1DC407125B5FE1C00BA134A /* Release */ = {
			isa = XCBuildConfiguration;
			buildSettings = {
				ALWAYS_SEARCH_USER_PATHS = NO;
				CLANG_ANALYZER_LOCALIZABILITY_NONLOCALIZED = YES;
				CLANG_ANALYZER_NONNULL = YES;
				CLANG_ANALYZER_NUMBER_OBJECT_CONVERSION = YES_AGGRESSIVE;
				CLANG_CXX_LANGUAGE_STANDARD = "gnu++14";
				CLANG_CXX_LIBRARY = "libc++";
				CLANG_ENABLE_MODULES = YES;
				CLANG_ENABLE_OBJC_ARC = YES;
				CLANG_ENABLE_OBJC_WEAK = YES;
				CLANG_WARN_BLOCK_CAPTURE_AUTORELEASING = YES;
				CLANG_WARN_BOOL_CONVERSION = YES;
				CLANG_WARN_COMMA = YES;
				CLANG_WARN_CONSTANT_CONVERSION = YES;
				CLANG_WARN_DEPRECATED_OBJC_IMPLEMENTATIONS = YES;
				CLANG_WARN_DIRECT_OBJC_ISA_USAGE = YES_ERROR;
				CLANG_WARN_DOCUMENTATION_COMMENTS = YES;
				CLANG_WARN_EMPTY_BODY = YES;
				CLANG_WARN_ENUM_CONVERSION = YES;
				CLANG_WARN_INFINITE_RECURSION = YES;
				CLANG_WARN_INT_CONVERSION = YES;
				CLANG_WARN_NON_LITERAL_NULL_CONVERSION = YES;
				CLANG_WARN_OBJC_IMPLICIT_RETAIN_SELF = YES;
				CLANG_WARN_OBJC_LITERAL_CONVERSION = YES;
				CLANG_WARN_OBJC_ROOT_CLASS = YES_ERROR;
				CLANG_WARN_QUOTED_INCLUDE_IN_FRAMEWORK_HEADER = YES;
				CLANG_WARN_RANGE_LOOP_ANALYSIS = YES;
				CLANG_WARN_STRICT_PROTOTYPES = YES;
				CLANG_WARN_SUSPICIOUS_MOVE = YES;
				CLANG_WARN_UNGUARDED_AVAILABILITY = YES_AGGRESSIVE;
				CLANG_WARN_UNREACHABLE_CODE = YES;
				CLANG_WARN__DUPLICATE_METHOD_MATCH = YES;
				COPY_PHASE_STRIP = NO;
				DEBUG_INFORMATION_FORMAT = "dwarf-with-dsym";
				ENABLE_NS_ASSERTIONS = NO;
				ENABLE_STRICT_OBJC_MSGSEND = YES;
				GCC_C_LANGUAGE_STANDARD = gnu11;
				GCC_NO_COMMON_BLOCKS = YES;
				GCC_WARN_64_TO_32_BIT_CONVERSION = YES;
				GCC_WARN_ABOUT_RETURN_TYPE = YES_ERROR;
				GCC_WARN_UNDECLARED_SELECTOR = YES;
				GCC_WARN_UNINITIALIZED_AUTOS = YES_AGGRESSIVE;
				GCC_WARN_UNUSED_FUNCTION = YES;
				GCC_WARN_UNUSED_VARIABLE = YES;
				IPHONEOS_DEPLOYMENT_TARGET = 14.3;
				MTL_ENABLE_DEBUG_INFO = NO;
				MTL_FAST_MATH = YES;
				SDKROOT = iphoneos;
				SWIFT_COMPILATION_MODE = wholemodule;
				SWIFT_OPTIMIZATION_LEVEL = "-O";
				VALIDATE_PRODUCT = YES;
			};
			name = Release;
		};
		B1DC407325B5FE1C00BA134A /* Debug */ = {
			isa = XCBuildConfiguration;
			buildSettings = {
				ASSETCATALOG_COMPILER_APPICON_NAME = AppIcon;
				ASSETCATALOG_COMPILER_GLOBAL_ACCENT_COLOR_NAME = AccentColor;
				CODE_SIGN_STYLE = Automatic;
				DEVELOPMENT_TEAM = X89S5WQSAL;
				INFOPLIST_FILE = "$(SRCROOT)/IOS_Senin_3_ist/Info.plist";
				LD_RUNPATH_SEARCH_PATHS = (
					"$(inherited)",
					"@executable_path/Frameworks",
				);
				PRODUCT_BUNDLE_IDENTIFIER = "ru.emakhankov.IOS-Senin-3-ist";
				PRODUCT_NAME = "$(TARGET_NAME)";
				SWIFT_VERSION = 5.0;
				TARGETED_DEVICE_FAMILY = "1,2";
			};
			name = Debug;
		};
		B1DC407425B5FE1C00BA134A /* Release */ = {
			isa = XCBuildConfiguration;
			buildSettings = {
				ASSETCATALOG_COMPILER_APPICON_NAME = AppIcon;
				ASSETCATALOG_COMPILER_GLOBAL_ACCENT_COLOR_NAME = AccentColor;
				CODE_SIGN_STYLE = Automatic;
				DEVELOPMENT_TEAM = X89S5WQSAL;
				INFOPLIST_FILE = "$(SRCROOT)/IOS_Senin_3_ist/Info.plist";
				LD_RUNPATH_SEARCH_PATHS = (
					"$(inherited)",
					"@executable_path/Frameworks",
				);
				PRODUCT_BUNDLE_IDENTIFIER = "ru.emakhankov.IOS-Senin-3-ist";
				PRODUCT_NAME = "$(TARGET_NAME)";
				SWIFT_VERSION = 5.0;
				TARGETED_DEVICE_FAMILY = "1,2";
			};
			name = Release;
		};
/* End XCBuildConfiguration section */

/* Begin XCConfigurationList section */
		B1DC405625B5FE1B00BA134A /* Build configuration list for PBXProject "IOS_Senin_3_ist" */ = {
			isa = XCConfigurationList;
			buildConfigurations = (
				B1DC407025B5FE1C00BA134A /* Debug */,
				B1DC407125B5FE1C00BA134A /* Release */,
			);
			defaultConfigurationIsVisible = 0;
			defaultConfigurationName = Release;
		};
		B1DC407225B5FE1C00BA134A /* Build configuration list for PBXNativeTarget "IOS_Senin_3_ist" */ = {
			isa = XCConfigurationList;
			buildConfigurations = (
				B1DC407325B5FE1C00BA134A /* Debug */,
				B1DC407425B5FE1C00BA134A /* Release */,
			);
			defaultConfigurationIsVisible = 0;
			defaultConfigurationName = Release;
		};
/* End XCConfigurationList section */

/* Begin XCVersionGroup section */
		B1DC406725B5FE1B00BA134A /* IOS_Senin_3_ist.xcdatamodeld */ = {
			isa = XCVersionGroup;
			children = (
				B1DC406825B5FE1B00BA134A /* IOS_Senin_3_ist.xcdatamodel */,
			);
			currentVersion = B1DC406825B5FE1B00BA134A /* IOS_Senin_3_ist.xcdatamodel */;
			path = IOS_Senin_3_ist.xcdatamodeld;
			sourceTree = "<group>";
			versionGroupType = wrapper.xcdatamodel;
		};
/* End XCVersionGroup section */
	};
	rootObject = B1DC405325B5FE1B00BA134A /* Project object */;
}
