// !$*UTF8*$!
{
	archiveVersion = 1;
	classes = {
	};
	objectVersion = 50;
	objects = {

/* Begin PBXBuildFile section */
		B1DC405F25B5FE1B00BA134A /* AppDelegate.swift in Sources */ = {isa = PBXBuildFile; fileRef = B1DC405E25B5FE1B00BA134A /* AppDelegate.swift */; };
		B1DC406125B5FE1B00BA134A /* SceneDelegate.swift in Sources */ = {isa = PBXBuildFile; fileRef = B1DC406025B5FE1B00BA134A /* SceneDelegate.swift */; };
		B1DC406325B5FE1B00BA134A /* ViewController.swift in Sources */ = {isa = PBXBuildFile; fileRef = B1DC406225B5FE1B00BA134A /* ViewController.swift */; };
		B1DC406625B5FE1B00BA134A /* Main.storyboard in Resources */ = {isa = PBXBuildFile; fileRef = B1DC406425B5FE1B00BA134A /* Main.storyboard */; };
		B1DC406925B5FE1B00BA134A /* IOS_Senin_3_ist.xcdatamodeld in Sources */ = {isa = PBXBuildFile; fileRef = B1DC406725B5FE1B00BA134A /* IOS_Senin_3_ist.xcdatamodeld */; };
		B1DC406B25B5FE1C00BA134A /* Assets.xcassets in Resources */ = {isa = PBXBuildFile; fileRef = B1DC406A25B5FE1C00BA134A /* Assets.xcassets */; };
		B1DC406E25B5FE1C00BA134A /* LaunchScreen.storyboard in Resources */ = {isa = PBXBuildFile; fileRef = B1DC406C25B5FE1C00BA134A /* LaunchScreen.storyboard */; };
/* End PBXBuildFile section */

/* Begin PBXFileReference section */
		B1DC405B25B5FE1B00BA134A /* IOS_Senin_3_ist.app */ = {isa = PBXFileReference; explicitFileType = wrapper.application; includeInIndex = 0; path = IOS_Senin_3_ist.app; sourceTree = BUILT_PRODUCTS_DIR; };
		B1DC405E25B5FE1B00BA134A /* AppDelegate.swift */ = {isa = PBXFileReference; lastKnownFileType = sourcecode.swift; path = AppDelegate.swift; sourceTree = "<group>"; };
		B1DC406025B5FE1B00BA134A /* SceneDelegate.swift */ = {isa = PBXFileReference; lastKnownFileType = sourcecode.swift; path = SceneDelegate.swift; sourceTree = "<group>"; };
		B1DC406225B5FE1B00BA134A /* ViewController.swift */ = {isa = PBXFileReference; lastKnownFileType = sourcecode.swift; path = ViewController.swift; sourceTree = "<group>"; };
		B1DC406525B5FE1B00BA134A /* Base */ = {isa = PBXFileReference; lastKnownFileType = file.storyboard; name = Base; path = Base.lproj/Main.storyboard; sourceTree = "<group>"; };
		B1DC406825B5FE1B00BA134A /* IOS_Senin_3_ist.xcdatamodel */ = {isa = PBXFileReference; lastKnownFileType = wrapper.xcdatamodel; path = IOS_Senin_3_ist.xcdatamodel; sourceTree = "<group>"; };
		B1DC406A25B5FE1C00BA134A /* Assets.xcassets */ = {isa = PBXFileReference; lastKnownFileType = folder.assetcatalog; path = Assets.xcassets; sourceTree = "<group>"; };
		B1DC406D25B5FE1C00BA134A /* Base */ = {isa = PBXFileReference; lastKnownFileType = file.storyboard; name = Base; path = Base.lproj/LaunchScreen.storyboard; sourceTree = "<group>"; };
		B1DC406F25B5FE1C00BA134A /* Info.plist */ = {isa = PBXFileReference; lastKnownFileType = text.plist.xml; path = Info.plist; sourceTree = "<group>"; };
/* End PBXFileReference section */

/* Begin PBXFrameworksBuildPhase section */
		B1DC405825B5FE1B00BA134A /* Frameworks */ = {
			isa = PBXFrameworksBuildPhase;
			buildActionMask = 2147483647;
			files = (
			);
			runOnlyForDeploymentPostprocessing = 0;
		};
/* End PBXFrameworksBuildPhase section */

/* Begin PBXGroup section */
		B1DC405225B5FE1B00BA134A = {
			isa = PBXGroup;
			children = (
				B1DC405D25B5FE1B00BA134A /* IOS_Senin_3_ist */,
				B1DC405C25B5FE1B00BA134A /* Products */,
			);
			sourceTree = "<group>";
		};
		B1DC405C25B5FE1B00BA134A /* Products */ = {
			isa = PBXGroup;
			children = (
				B1DC405B25B5FE1B00BA134A /* IOS_Senin_3_ist.app */,
			);
			name = Products;
			sourceTree = "<group>";
		};
		B1DC405D25B5FE1B00BA134A /* IOS_Senin_3_ist */ = {
			isa = PBXGroup;
			children = (
				B1DC405E25B5FE1B00BA134A /* AppDelegate.swift */,
				B1DC406025B5FE1B00BA134A /* SceneDelegate.swift */,
				B1DC406225B5FE1B00BA134A /* ViewController.swift */,
				B1DC406425B5FE1B00BA134A /* Main.storyboard */,
				B1DC406A25B5FE1C00BA134A /* Assets.xcassets */,
				B1DC406C25B5FE1C00BA134A /* LaunchScreen.storyboard */,
				B1DC406F25B5FE1C00BA134A /* Info.plist */,
				B1DC406725B5FE1B00BA134A /* IOS_Senin_3_ist.xcdatamodeld */,
			);
			path = IOS_Senin_3_ist;
			sourceTree = "<group>";
		};
/* End PBXGroup section */

/* Begin PBXNativeTarget section */
		B1DC405A25B5FE1B00BA134A /* IOS_Senin_3_ist */ = {
			isa = PBXNativeTarget;
			buildConfigurationList = B1DC407225B5FE1C00BA134A /* Build configuration list for PBXNativeTarget "IOS_Senin_3_ist" */;
			buildPhases = (
				B1DC405725B5FE1B00BA134A /* Sources */,
				B1DC405825B5FE1B00BA134A /* Frameworks */,
				B1DC405925B5FE1B00BA134A /* Resources */,
			);
			buildRules = (
			);
			dependencies = (
			);
			name = IOS_Senin_3_ist;
			productName = IOS_Senin_3_ist;
			productReference = B1DC405B25B5FE1B00BA134A /* IOS_Senin_3_ist.app */;
			productType = "com.apple.product-type.application";
		};
/* End PBXNativeTarget section */

/* Begin PBXProject section */
		B1DC405325B5FE1B00BA134A /* Project object */ = {
			isa = PBXProject;
			attributes = {
				LastSwiftUpdateCheck = 1230;
				LastUpgradeCheck = 1230;
				TargetAttributes = {
					B1DC405A25B5FE1B00BA134A = {
						CreatedOnToolsVersion = 12.3;
					};
				};
			};
			buildConfigurationList = B1DC405625B5FE1B00BA134A /* Build configuration list for PBXProject "IOS_Senin_3_ist" */;
			compatibilityVersion = "Xcode 9.3";
			developmentRegion = en;
			hasScannedForEncodings = 0;
			knownRegions = (
				en,
				Base,
			);
			mainGroup = B1DC405225B5FE1B00BA134A;
			productRefGroup = B1DC405C25B5FE1B00BA134A /* Products */;
			projectDirPath = "";
			projectRoot = "";
			targets = (
				B1DC405A25B5FE1B00BA134A /* IOS_Senin_3_ist */,
			);
		};
/* End PBXProject section */

/* Begin PBXResourcesBuildPhase section */
		B1DC405925B5FE1B00BA134A /* Resources */ = {
			isa = PBXResourcesBuildPhase;
			buildActionMask = 2147483647;
			files = (
				B1DC406E25B5FE1C00BA134A /* LaunchScreen.storyboard in Resources */,
				B1DC406B25B5FE1C00BA134A /* Assets.xcassets in Resources */,
				B1DC406625B5FE1B00BA134A /* Main.storyboard in Resources */,
			);
			runOnlyForDeploymentPostprocessing = 0;
		};
/* End PBXResourcesBuildPhase section */

/* Begin PBXSourcesBuildPhase section */
		B1DC405725B5FE1B00BA134A /* Sources */ = {
			isa = PBXSourcesBuildPhase;
			buildActionMask = 2147483647;
			files = (
				B1DC406925B5FE1B00BA134A /* IOS_Senin_3_ist.xcdatamodeld in Sources */,
				B1DC406325B5FE1B00BA134A /* ViewController.swift in Sources */,
				B1DC405F25B5FE1B00BA134A /* AppDelegate.swift in Sources */,
				B1DC406125B5FE1B00BA134A /* SceneDelegate.swift in Sources */,
			);
			runOnlyForDeploymentPostprocessing = 0;
		};
/* End PBXSourcesBuildPhase section */

/* Begin PBXVariantGroup section */
		B1DC406425B5FE1B00BA134A /* Main.storyboard */ = {
			isa = PBXVariantGroup;
			children = (
				B1DC406525B5FE1B00BA134A /* Base */,
			);
			name = Main.storyboard;
			sourceTree = "<group>";
		};
		B1DC406C25B5FE1C00BA134A /* LaunchScreen.storyboard */ = {
			isa = PBXVariantGroup;
			children = (
				B1DC406D25B5FE1C00BA134A /* Base */,
			);
			name = LaunchScreen.storyboard;
			sourceTree = "<group>";
		};
/* End PBXVariantGroup section */

/* Begin XCBuildConfiguration section */
		B1DC407025B5FE1C00BA134A /* Debug */ = {
			isa = XCBuildConfiguration;
			buildSettings = {
				ALWAYS_SEARCH_USER_PATHS = NO;
				CLANG_ANALYZER_NONNULL = YES;
				CLANG_ANALYZER_NUMBER_OBJECT_CONVERSION = YES_AGGRESSIVE;
				CLANG_CXX_LANGUAGE_STANDARD = "gnu++14";
				CLANG_CXX_LIBRARY = "libc++";
				CLANG_ENABLE_MODULES = YES;
				CLANG_ENABLE_OBJC_ARC = YES;
				CLANG_ENABLE_OBJC_WEAK = YES;
				CLANG_WARN_BLOCK_CAPTURE_AUTORELEASING = YES;
				CLANG_WARN_BOOL_CONVERSION = YES;
				CLANG_WARN_COMMA = YES;
				CLANG_WARN_CONSTANT_CONVERSION = YES;
				CLANG_WARN_DEPRECATED_OBJC_IMPLEMENTATIONS = YES;
				CLANG_WARN_DIRECT_OBJC_ISA_USAGE = YES_ERROR;
				CLANG_WARN_DOCUMENTATION_COMMENTS = YES;
				CLANG_WARN_EMPTY_BODY = YES;
				CLANG_WARN_ENUM_CONVERSION = YES;
				CLANG_WARN_INFINITE_RECURSION = YES;
				CLANG_WARN_INT_CONVERSION = YES;
				CLANG_WARN_NON_LITERAL_NULL_CONVERSION = YES;
				CLANG_WARN_OBJC_IMPLICIT_RETAIN_SELF = YES;
				CLANG_WARN_OBJC_LITERAL_CONVERSION = YES;
				CLANG_WARN_OBJC_ROOT_CLASS = YES_ERROR;
				CLANG_WARN_QUOTED_INCLUDE_IN_FRAMEWORK_HEADER = YES;
				CLANG_WARN_RANGE_LOOP_ANALYSIS = YES;
				CLANG_WARN_STRICT_PROTOTYPES = YES;
				CLANG_WARN_SUSPICIOUS_MOVE = YES;
				CLANG_WARN_UNGUARDED_AVAILABILITY = YES_AGGRESSIVE;
				CLANG_WARN_UNREACHABLE_CODE = YES;
				CLANG_WARN__DUPLICATE_METHOD_MATCH = YES;
				COPY_PHASE_STRIP = NO;
				DEBUG_INFORMATION_FORMAT = dwarf;
				ENABLE_STRICT_OBJC_MSGSEND = YES;
				ENABLE_TESTABILITY = YES;
				GCC_C_LANGUAGE_STANDARD = gnu11;
				GCC_DYNAMIC_NO_PIC = NO;
				GCC_NO_COMMON_BLOCKS = YES;
				GCC_OPTIMIZATION_LEVEL = 0;
				GCC_PREPROCESSOR_DEFINITIONS = (
					"DEBUG=1",
					"$(inherited)",
				);
				GCC_WARN_64_TO_32_BIT_CONVERSION = YES;
				GCC_WARN_ABOUT_RETURN_TYPE = YES_ERROR;
				GCC_WARN_UNDECLARED_SELECTOR = YES;
				GCC_WARN_UNINITIALIZED_AUTOS = YES_AGGRESSIVE;
				GCC_WARN_UNUSED_FUNCTION = YES;
				GCC_WARN_UNUSED_VARIABLE = YES;
				IPHONEOS_DEPLOYMENT_TARGET = 14.3;
				MTL_ENABLE_DEBUG_INFO = INCLUDE_SOURCE;
				MTL_FAST_MATH = YES;
				ONLY_ACTIVE_ARCH = YES;
				SDKROOT = iphoneos;
				SWIFT_ACTIVE_COMPILATION_CONDITIONS = DEBUG;
				SWIFT_OPTIMIZATION_LEVEL = "-Onone";
			};
			name = Debug;
		};
		B1DC407125B5FE1C00BA134A /* Release */ = {
			isa = XCBuildConfiguration;
			buildSettings = {
				ALWAYS_SEARCH_USER_PATHS = NO;
				CLANG_ANALYZER_NONNULL = YES;
				CLANG_ANALYZER_NUMBER_OBJECT_CONVERSION = YES_AGGRESSIVE;
				CLANG_CXX_LANGUAGE_STANDARD = "gnu++14";
				CLANG_CXX_LIBRARY = "libc++";
				CLANG_ENABLE_MODULES = YES;
				CLANG_ENABLE_OBJC_ARC = YES;
				CLANG_ENABLE_OBJC_WEAK = YES;
				CLANG_WARN_BLOCK_CAPTURE_AUTORELEASING = YES;
				CLANG_WARN_BOOL_CONVERSION = YES;
				CLANG_WARN_COMMA = YES;
				CLANG_WARN_CONSTANT_CONVERSION = YES;
				CLANG_WARN_DEPRECATED_OBJC_IMPLEMENTATIONS = YES;
				CLANG_WARN_DIRECT_OBJC_ISA_USAGE = YES_ERROR;
				CLANG_WARN_DOCUMENTATION_COMMENTS = YES;
				CLANG_WARN_EMPTY_BODY = YES;
				CLANG_WARN_ENUM_CONVERSION = YES;
				CLANG_WARN_INFINITE_RECURSION = YES;
				CLANG_WARN_INT_CONVERSION = YES;
				CLANG_WARN_NON_LITERAL_NULL_CONVERSION = YES;
				CLANG_WARN_OBJC_IMPLICIT_RETAIN_SELF = YES;
				CLANG_WARN_OBJC_LITERAL_CONVERSION = YES;
				CLANG_WARN_OBJC_ROOT_CLASS = YES_ERROR;
				CLANG_WARN_QUOTED_INCLUDE_IN_FRAMEWORK_HEADER = YES;
				CLANG_WARN_RANGE_LOOP_ANALYSIS = YES;
				CLANG_WARN_STRICT_PROTOTYPES = YES;
				CLANG_WARN_SUSPICIOUS_MOVE = YES;
				CLANG_WARN_UNGUARDED_AVAILABILITY = YES_AGGRESSIVE;
				CLANG_WARN_UNREACHABLE_CODE = YES;
				CLANG_WARN__DUPLICATE_METHOD_MATCH = YES;
				COPY_PHASE_STRIP = NO;
				DEBUG_INFORMATION_FORMAT = "dwarf-with-dsym";
				ENABLE_NS_ASSERTIONS = NO;
				ENABLE_STRICT_OBJC_MSGSEND = YES;
				GCC_C_LANGUAGE_STANDARD = gnu11;
				GCC_NO_COMMON_BLOCKS = YES;
				GCC_WARN_64_TO_32_BIT_CONVERSION = YES;
				GCC_WARN_ABOUT_RETURN_TYPE = YES_ERROR;
				GCC_WARN_UNDECLARED_SELECTOR = YES;
				GCC_WARN_UNINITIALIZED_AUTOS = YES_AGGRESSIVE;
				GCC_WARN_UNUSED_FUNCTION = YES;
				GCC_WARN_UNUSED_VARIABLE = YES;
				IPHONEOS_DEPLOYMENT_TARGET = 14.3;
				MTL_ENABLE_DEBUG_INFO = NO;
				MTL_FAST_MATH = YES;
				SDKROOT = iphoneos;
				SWIFT_COMPILATION_MODE = wholemodule;
				SWIFT_OPTIMIZATION_LEVEL = "-O";
				VALIDATE_PRODUCT = YES;
			};
			name = Release;
		};
		B1DC407325B5FE1C00BA134A /* Debug */ = {
			isa = XCBuildConfiguration;
			buildSettings = {
				ASSETCATALOG_COMPILER_APPICON_NAME = AppIcon;
				ASSETCATALOG_COMPILER_GLOBAL_ACCENT_COLOR_NAME = AccentColor;
				CODE_SIGN_STYLE = Automatic;
				DEVELOPMENT_TEAM = X89S5WQSAL;
				INFOPLIST_FILE = IOS_Senin_3_ist/Info.plist;
				LD_RUNPATH_SEARCH_PATHS = (
					"$(inherited)",
					"@executable_path/Frameworks",
				);
				PRODUCT_BUNDLE_IDENTIFIER = "ru.emakhankov.IOS-Senin-3-ist";
				PRODUCT_NAME = "$(TARGET_NAME)";
				SWIFT_VERSION = 5.0;
				TARGETED_DEVICE_FAMILY = "1,2";
			};
			name = Debug;
		};
		B1DC407425B5FE1C00BA134A /* Release */ = {
			isa = XCBuildConfiguration;
			buildSettings = {
				ASSETCATALOG_COMPILER_APPICON_NAME = AppIcon;
				ASSETCATALOG_COMPILER_GLOBAL_ACCENT_COLOR_NAME = AccentColor;
				CODE_SIGN_STYLE = Automatic;
				DEVELOPMENT_TEAM = X89S5WQSAL;
				INFOPLIST_FILE = IOS_Senin_3_ist/Info.plist;
				LD_RUNPATH_SEARCH_PATHS = (
					"$(inherited)",
					"@executable_path/Frameworks",
				);
				PRODUCT_BUNDLE_IDENTIFIER = "ru.emakhankov.IOS-Senin-3-ist";
				PRODUCT_NAME = "$(TARGET_NAME)";
				SWIFT_VERSION = 5.0;
				TARGETED_DEVICE_FAMILY = "1,2";
			};
			name = Release;
		};
/* End XCBuildConfiguration section */

/* Begin XCConfigurationList section */
		B1DC405625B5FE1B00BA134A /* Build configuration list for PBXProject "IOS_Senin_3_ist" */ = {
			isa = XCConfigurationList;
			buildConfigurations = (
				B1DC407025B5FE1C00BA134A /* Debug */,
				B1DC407125B5FE1C00BA134A /* Release */,
			);
			defaultConfigurationIsVisible = 0;
			defaultConfigurationName = Release;
		};
		B1DC407225B5FE1C00BA134A /* Build configuration list for PBXNativeTarget "IOS_Senin_3_ist" */ = {
			isa = XCConfigurationList;
			buildConfigurations = (
				B1DC407325B5FE1C00BA134A /* Debug */,
				B1DC407425B5FE1C00BA134A /* Release */,
			);
			defaultConfigurationIsVisible = 0;
			defaultConfigurationName = Release;
		};
/* End XCConfigurationList section */

/* Begin XCVersionGroup section */
		B1DC406725B5FE1B00BA134A /* IOS_Senin_3_ist.xcdatamodeld */ = {
			isa = XCVersionGroup;
			children = (
				B1DC406825B5FE1B00BA134A /* IOS_Senin_3_ist.xcdatamodel */,
			);
			currentVersion = B1DC406825B5FE1B00BA134A /* IOS_Senin_3_ist.xcdatamodel */;
			path = IOS_Senin_3_ist.xcdatamodeld;
			sourceTree = "<group>";
			versionGroupType = wrapper.xcdatamodel;
		};
/* End XCVersionGroup section */
	};
	rootObject = B1DC405325B5FE1B00BA134A /* Project object */;
}
